
Microsoft Visual Studio Solution File, Format Version 12.00
# Visual Studio Version 16
VisualStudioVersion = 16.0.31729.503
MinimumVisualStudioVersion = 10.0.40219.1
Project("{FAE04EC0-301F-11D3-BF4B-00C04F79EFBC}") = "VowelOrConsonant", "VowelOrConsonant\VowelOrConsonant.csproj", "{1691450B-7278-4C9D-AFDF-533C1ABAB688}"
EndProject
Global
	GlobalSection(SolutionConfigurationPlatforms) = preSolution
		Debug|Any CPU = Debug|Any CPU
		Release|Any CPU = Release|Any CPU
	EndGlobalSection
	GlobalSection(ProjectConfigurationPlatforms) = postSolution
		{1691450B-7278-4C9D-AFDF-533C1ABAB688}.Debug|Any CPU.ActiveCfg = Debug|Any CPU
		{1691450B-7278-4C9D-AFDF-533C1ABAB688}.Debug|Any CPU.Build.0 = Debug|Any CPU
		{1691450B-7278-4C9D-AFDF-533C1ABAB688}.Release|Any CPU.ActiveCfg = Release|Any CPU
		{1691450B-7278-4C9D-AFDF-533C1ABAB688}.Release|Any CPU.Build.0 = Release|Any CPU
	EndGlobalSection
	GlobalSection(SolutionProperties) = preSolution
		HideSolutionNode = FALSE
	EndGlobalSection
	GlobalSection(ExtensibilityGlobals) = postSolution
		SolutionGuid = {CAF82BA7-9B31-4831-A898-84D47FACBAC7}
	EndGlobalSection
EndGlobal
