
Microsoft Visual Studio Solution File, Format Version 12.00
# Visual Studio Version 16
VisualStudioVersion = 16.0.31729.503
MinimumVisualStudioVersion = 10.0.40219.1
Project("{FAE04EC0-301F-11D3-BF4B-00C04F79EFBC}") = "LargestThreeNumber", "LargestThreeNumber\LargestThreeNumber.csproj", "{FFD43713-04EB-43C4-AE43-F1EAE7A76DFE}"
EndProject
Global
	GlobalSection(SolutionConfigurationPlatforms) = preSolution
		Debug|Any CPU = Debug|Any CPU
		Release|Any CPU = Release|Any CPU
	EndGlobalSection
	GlobalSection(ProjectConfigurationPlatforms) = postSolution
		{FFD43713-04EB-43C4-AE43-F1EAE7A76DFE}.Debug|Any CPU.ActiveCfg = Debug|Any CPU
		{FFD43713-04EB-43C4-AE43-F1EAE7A76DFE}.Debug|Any CPU.Build.0 = Debug|Any CPU
		{FFD43713-04EB-43C4-AE43-F1EAE7A76DFE}.Release|Any CPU.ActiveCfg = Release|Any CPU
		{FFD43713-04EB-43C4-AE43-F1EAE7A76DFE}.Release|Any CPU.Build.0 = Release|Any CPU
	EndGlobalSection
	GlobalSection(SolutionProperties) = preSolution
		HideSolutionNode = FALSE
	EndGlobalSection
	GlobalSection(ExtensibilityGlobals) = postSolution
		SolutionGuid = {F63F8D9B-192E-41E8-B05F-58058C67C6BB}
	EndGlobalSection
EndGlobal
